
Microsoft Visual Studio Solution File, Format Version 12.00
# Visual Studio Version 17
VisualStudioVersion = 17.11.35312.102
MinimumVisualStudioVersion = 10.0.40219.1
Project("{9A19103F-16F7-4668-BE54-9A1E7A4F7556}") = "Recipe_Management_App", "Recipe_Management_App\Recipe_Management_App.csproj", "{8767A111-56A7-4C7F-8A2B-D33C3BFB402A}"
EndProject
Project("{2150E333-8FDC-42A3-9474-1A3956D46DE8}") = "Solution Items", "Solution Items", "{E9D56C72-9E20-41E1-81FB-1CAE5793C851}"
EndProject
Global
	GlobalSection(SolutionConfigurationPlatforms) = preSolution
		Debug|Any CPU = Debug|Any CPU
		Release|Any CPU = Release|Any CPU
	EndGlobalSection
	GlobalSection(ProjectConfigurationPlatforms) = postSolution
		{8767A111-56A7-4C7F-8A2B-D33C3BFB402A}.Debug|Any CPU.ActiveCfg = Debug|Any CPU
		{8767A111-56A7-4C7F-8A2B-D33C3BFB402A}.Debug|Any CPU.Build.0 = Debug|Any CPU
		{8767A111-56A7-4C7F-8A2B-D33C3BFB402A}.Release|Any CPU.ActiveCfg = Release|Any CPU
		{8767A111-56A7-4C7F-8A2B-D33C3BFB402A}.Release|Any CPU.Build.0 = Release|Any CPU
	EndGlobalSection
	GlobalSection(SolutionProperties) = preSolution
		HideSolutionNode = FALSE
	EndGlobalSection
	GlobalSection(ExtensibilityGlobals) = postSolution
		SolutionGuid = {E5EC8921-D83E-4BE5-913E-D8E26ED9344E}
	EndGlobalSection
EndGlobal
